{
  "name": "elation-engine",
  "version": "0.9.122",
  "lockfileVersion": 1,
  "requires": true,
  "dependencies": {
    "cyclone-physics": {
      "version": "1.0.10",
      "resolved": "https://registry.npmjs.org/cyclone-physics/-/cyclone-physics-1.0.10.tgz",
      "integrity": "sha512-K+DafLd3rqQ/AN4/GariJH/kp1p2mDCDgbe3SRf2/kMW63qhiqdjzsspZloWSuivBCxZUluBkmCmJJmim+Cwxw==",
      "requires": {
        "elation": ">=2.0.0"
      }
    },
    "elation": {
      "version": "2.3.0",
      "resolved": "https://registry.npmjs.org/elation/-/elation-2.3.0.tgz",
      "integrity": "sha512-UjM12kn70qLl+3Ipx16t9+GEwcRJg9Nmbe7fcrBkwoRTCb+D4i9KIv5Dw+iijcRFCnvjobzevan0QPaGwzYQvw=="
    },
    "elation-share": {
      "version": "1.0.9",
      "resolved": "https://registry.npmjs.org/elation-share/-/elation-share-1.0.9.tgz",
      "integrity": "sha1-6NgxbyCXkrRkWQoFt3OWtfIQ8oc=",
      "requires": {
        "elation": ">=2.0.0"
      }
    }
  }
}
